{
  "name": "dxp3-net-http",
  "version": "1.0.0",
  "lockfileVersion": 2,
  "requires": true,
  "packages": {
    "": {
      "name": "dxp3-net-http",
      "version": "1.0.0",
      "license": "UNLICENSED",
      "dependencies": {
        "dxp3-cleanup": "file:../dxp3-cleanup",
        "dxp3-lang-css": "file:../dxp3-lang-css",
        "dxp3-lang-html": "file:../dxp3-lang-html",
        "dxp3-logging": "file:../dxp3-logging",
        "dxp3-util": "file:../dxp3-util",
        "dxp3-uuid": "file:../dxp3-uuid"
      }
    },
    "../dxp3-cleanup": {
      "version": "1.0.0",
      "license": "UNLICENSED",
      "dependencies": {
        "dxp3-logging": "file:../dxp3-logging",
        "dxp3-util": "file:../dxp3-util"
      }
    },
    "../dxp3-lang-css": {
      "version": "1.0.0",
      "license": "UNLICENSED",
      "dependencies": {
        "dxp3-logging": "file:../dxp3-logging",
        "dxp3-util": "file:../dxp3-util"
      }
    },
    "../dxp3-lang-html": {
      "version": "1.0.0",
      "license": "UNLICENSED",
      "dependencies": {
        "dxp3-lang-css": "file:../dxp3-lang-css",
        "dxp3-logging": "file:../dxp3-logging",
        "dxp3-util": "file:../dxp3-util"
      }
    },
    "../dxp3-logging": {
      "version": "1.0.0",
      "license": "UNLICENSED",
      "dependencies": {
        "dxp3-util": "file:../dxp3-util"
      }
    },
    "../dxp3-util": {
      "version": "1.0.0",
      "license": "UNLICENSED"
    },
    "../dxp3-uuid": {
      "version": "1.0.0",
      "license": "UNLICENSED",
      "dependencies": {
        "dxp3-util": "file:../dxp3-util"
      }
    },
    "node_modules/dxp3-cleanup": {
      "resolved": "../dxp3-cleanup",
      "link": true
    },
    "node_modules/dxp3-lang-css": {
      "resolved": "../dxp3-lang-css",
      "link": true
    },
    "node_modules/dxp3-lang-html": {
      "resolved": "../dxp3-lang-html",
      "link": true
    },
    "node_modules/dxp3-logging": {
      "resolved": "../dxp3-logging",
      "link": true
    },
    "node_modules/dxp3-util": {
      "resolved": "../dxp3-util",
      "link": true
    },
    "node_modules/dxp3-uuid": {
      "resolved": "../dxp3-uuid",
      "link": true
    }
  },
  "dependencies": {
    "dxp3-cleanup": {
      "version": "file:../dxp3-cleanup",
      "requires": {
        "dxp3-logging": "file:../dxp3-logging",
        "dxp3-util": "file:../dxp3-util"
      }
    },
    "dxp3-lang-css": {
      "version": "file:../dxp3-lang-css",
      "requires": {
        "dxp3-logging": "file:../dxp3-logging",
        "dxp3-util": "file:../dxp3-util"
      }
    },
    "dxp3-lang-html": {
      "version": "file:../dxp3-lang-html",
      "requires": {
        "dxp3-lang-css": "file:../dxp3-lang-css",
        "dxp3-logging": "file:../dxp3-logging",
        "dxp3-util": "file:../dxp3-util"
      }
    },
    "dxp3-logging": {
      "version": "file:../dxp3-logging",
      "requires": {
        "dxp3-util": "file:../dxp3-util"
      }
    },
    "dxp3-util": {
      "version": "file:../dxp3-util"
    },
    "dxp3-uuid": {
      "version": "file:../dxp3-uuid",
      "requires": {
        "dxp3-util": "file:../dxp3-util"
      }
    }
  }
}
