{
  "name": "dxp3-delivery",
  "version": "1.0.0",
  "lockfileVersion": 2,
  "requires": true,
  "packages": {
    "": {
      "name": "dxp3-delivery",
      "version": "1.0.0",
      "license": "UNLICENSED",
      "dependencies": {
        "dxp3-microservice-platform": "file:../local_modules/dxp3-microservice-platform"
      }
    },
    "../local_modules/dxp3-microservice-platform": {
      "version": "1.0.0",
      "license": "UNLICENSED",
      "dependencies": {
        "dxp3-cleanup": "file:../dxp3-cleanup",
        "dxp3-logging": "file:../dxp3-logging",
        "dxp3-microservice": "file:../dxp3-microservice",
        "dxp3-microservice-web": "file:../dxp3-microservice-web",
        "dxp3-util": "file:../dxp3-util"
      }
    },
    "node_modules/dxp3-microservice-platform": {
      "resolved": "../local_modules/dxp3-microservice-platform",
      "link": true
    }
  },
  "dependencies": {
    "dxp3-microservice-platform": {
      "version": "file:../local_modules/dxp3-microservice-platform",
      "requires": {
        "dxp3-cleanup": "file:../dxp3-cleanup",
        "dxp3-logging": "file:../dxp3-logging",
        "dxp3-microservice": "file:../dxp3-microservice",
        "dxp3-microservice-web": "file:../dxp3-microservice-web",
        "dxp3-util": "file:../dxp3-util"
      }
    }
  }
}
