{
  "name": "dxp3-lang-csv",
  "version": "1.0.0",
  "lockfileVersion": 2,
  "requires": true,
  "packages": {
    "": {
      "name": "dxp3-lang-csv",
      "version": "1.0.0",
      "license": "UNLICENSED",
      "dependencies": {
        "dxp3-logging": "file:../dxp3-logging",
        "dxp3-util": "file:../dxp3-util"
      }
    },
    "../dxp3-logging": {
      "version": "1.0.0",
      "license": "UNLICENSED",
      "dependencies": {
        "dxp3-util": "file:../dxp3-util"
      }
    },
    "../dxp3-util": {
      "version": "1.0.0",
      "license": "UNLICENSED"
    },
    "node_modules/dxp3-logging": {
      "resolved": "../dxp3-logging",
      "link": true
    },
    "node_modules/dxp3-util": {
      "resolved": "../dxp3-util",
      "link": true
    }
  },
  "dependencies": {
    "dxp3-logging": {
      "version": "file:../dxp3-logging",
      "requires": {
        "dxp3-util": "file:../dxp3-util"
      }
    },
    "dxp3-util": {
      "version": "file:../dxp3-util"
    }
  }
}
